{
  "name": "package",
  "version": "1.0.0",
  "lockfileVersion": 1,
  "requires": true,
  "dependencies": {
    "bezier-js": {
      "version": "2.6.1",
      "resolved": "http://123.60.43.255:8942/nexus/content/groups/npm-group/bezier-js/-/bezier-js-2.6.1.tgz",
      "integrity": "sha512-jelZM33eNzcZ9snJ/5HqJLw3IzXvA8RFcBjkdOB8SDYyOvW8Y2tTosojAiBTnD1MhbHoWUYNbxUXxBl61TxbRg==",
      "dev": true
    },
    "es6-mixins": {
      "version": "1.0.2",
      "resolved": "http://123.60.43.255:8942/nexus/content/groups/npm-group/es6-mixins/-/es6-mixins-1.0.2.tgz",
      "integrity": "sha512-a8x8/Uq1sH2zoQ8YwWvwBXOZgMSRc73bnKmdazn+Ul/J++Q8P86T4wLZw0XyJBQfxF5sOORCzxvq54LDN+xYDA==",
      "dev": true
    },
    "ez.js": {
      "version": "1.0.3",
      "resolved": "http://123.60.43.255:8942/nexus/content/groups/npm-group/ez.js/-/ez.js-1.0.3.tgz",
      "integrity": "sha512-geKbDJRI4Cai1on1pqhZYH7A4CIX5GJ7rhaOUPAT213Na/0EKeanGTyif5sCIPWSFT7IgBBErgIJbQ6kO8Ibpg==",
      "dev": true
    },
    "performance-now": {
      "version": "2.1.0",
      "resolved": "http://123.60.43.255:8942/nexus/content/groups/npm-group/performance-now/-/performance-now-2.1.0.tgz",
      "integrity": "sha512-7EAHlyLHI56VEIdK57uwHdHKIaAGbnXPiw0yWbarQZOKaKpvUIgW0jWRVLiatnM+XXlSwsanIBH/hzGMJulMow==",
      "dev": true
    },
    "tiny-emitter": {
      "version": "2.1.0",
      "resolved": "http://123.60.43.255:8942/nexus/content/groups/npm-group/tiny-emitter/-/tiny-emitter-2.1.0.tgz",
      "integrity": "sha512-NB6Dk1A9xgQPMoGqC5CVXn123gWyte215ONT5Pp5a0yt4nlEoO1ZWeCwpncaekPHXO60i47ihFnZPiRPjRMq4Q==",
      "dev": true
    },
    "tinycolor2": {
      "version": "1.6.0",
      "resolved": "http://123.60.43.255:8942/nexus/content/groups/npm-group/tinycolor2/-/tinycolor2-1.6.0.tgz",
      "integrity": "sha512-XPaBkWQJdsf3pLKJV9p4qN/S+fm2Oj8AIPo1BTUhg5oxkvm9+SVEGFdhyOz7tTdUTfvxMiAs4sp6/eZO2Ew+pw==",
      "dev": true
    },
    "wx-chart": {
      "version": "1.0.1",
      "resolved": "http://123.60.43.255:8942/nexus/content/groups/npm-group/wx-chart/-/wx-chart-1.0.1.tgz",
      "integrity": "sha512-zDlj1Oni55SBNA3WUqV4wmStMaCW6Qf7JPKEtGbD3/zXIW+v8OS00WuE0HdTCIRn9y02g/LBv1B0B5HgyTvjcg==",
      "dev": true,
      "requires": {
        "bezier-js": "^2.2.3",
        "es6-mixins": "^1.0.2",
        "ez.js": "^1.0.3",
        "performance-now": "^2.1.0",
        "tiny-emitter": "^2.0.2",
        "tinycolor2": "^1.4.1"
      }
    }
  }
}
